{
  "version": 4,
  "terraform_version": "1.10.5",
  "serial": 48,
  "lineage": "0b6173a8-be9c-2543-665d-d2b3daf3c39d",
  "outputs": {
    "agent_url": {
      "value": "https://slack-rag-bot-557lrakomq-uc.a.run.app",
      "type": "string"
    },
    "cloud_sql_connection_name": {
      "value": "singing-duck-boso:us-central1:slack-rag-db",
      "type": "string"
    },
    "cloud_sql_private_ip": {
      "value": "10.126.0.3",
      "type": "string"
    },
    "indexer_job_name": {
      "value": "slack-rag-indexer",
      "type": "string"
    },
    "next_steps": {
      "value": "1. Set Slack secrets: gcloud secrets versions add slack-bot-token --data-file=- (paste token)\n2. Set Slack signing secret: gcloud secrets versions add slack-signing-secret --data-file=-\n3. Enable pgvector: ./scripts/enable-pgvector.sh\n4. Build and deploy: ./infra/gcp/singing-duck/scripts/deploy.sh\n5. Configure Slack app Event Subscriptions Request URL: https://slack-rag-bot-557lrakomq-uc.a.run.appslack/events\n6. Pull a model on Ollama: curl https://ollama-557lrakomq-uc.a.run.appapi/pull -d '{\"name\":\"nano\"}'",
      "type": "string"
    },
    "ollama_url": {
      "value": "https://ollama-557lrakomq-uc.a.run.app",
      "type": "string"
    },
    "project_id": {
      "value": "singing-duck-boso",
      "type": "string"
    },
    "region": {
      "value": "us-central1",
      "type": "string"
    },
    "scheduler_job_name": {
      "value": "slack-rag-indexer-trigger",
      "type": "string"
    }
  },
  "resources": [
    {
      "mode": "data",
      "type": "google_compute_network",
      "name": "default",
      "provider": "provider[\"registry.terraform.io/hashicorp/google\"]",
      "instances": [
        {
          "schema_version": 0,
          "attributes": {
            "description": "Default network for the project",
            "gateway_ipv4": "",
            "id": "projects/singing-duck-boso/global/networks/default",
            "internal_ipv6_range": "",
            "name": "default",
            "project": null,
            "self_link": "https://www.googleapis.com/compute/v1/projects/singing-duck-boso/global/networks/default",
            "subnetworks_self_links": [
              "https://www.googleapis.com/compute/v1/projects/singing-duck-boso/regions/europe-north2/subnetworks/default",
              "https://www.googleapis.com/compute/v1/projects/singing-duck-boso/regions/asia-southeast3/subnetworks/default",
              "https://www.googleapis.com/compute/v1/projects/singing-duck-boso/regions/me-west1/subnetworks/default",
              "https://www.googleapis.com/compute/v1/projects/singing-duck-boso/regions/asia-northeast2/subnetworks/default",
              "https://www.googleapis.com/compute/v1/projects/singing-duck-boso/regions/us-west1/subnetworks/default",
              "https://www.googleapis.com/compute/v1/projects/singing-duck-boso/regions/europe-west3/subnetworks/default",
              "https://www.googleapis.com/compute/v1/projects/singing-duck-boso/regions/southamerica-west1/subnetworks/default",
              "https://www.googleapis.com/compute/v1/projects/singing-duck-boso/regions/us-central1/subnetworks/default",
              "https://www.googleapis.com/compute/v1/projects/singing-duck-boso/regions/africa-south1/subnetworks/default",
              "https://www.googleapis.com/compute/v1/projects/singing-duck-boso/regions/northamerica-northeast2/subnetworks/default",
              "https://www.googleapis.com/compute/v1/projects/singing-duck-boso/regions/northamerica-south1/subnetworks/default",
              "https://www.googleapis.com/compute/v1/projects/singing-duck-boso/regions/us-south1/subnetworks/default",
              "https://www.googleapis.com/compute/v1/projects/singing-duck-boso/regions/southamerica-east1/subnetworks/default",
              "https://www.googleapis.com/compute/v1/projects/singing-duck-boso/regions/europe-west1/subnetworks/default",
              "https://www.googleapis.com/compute/v1/projects/singing-duck-boso/regions/asia-southeast1/subnetworks/default",
              "https://www.googleapis.com/compute/v1/projects/singing-duck-boso/regions/europe-west9/subnetworks/default",
              "https://www.googleapis.com/compute/v1/projects/singing-duck-boso/regions/asia-south1/subnetworks/default",
              "https://www.googleapis.com/compute/v1/projects/singing-duck-boso/regions/us-west4/subnetworks/default",
              "https://www.googleapis.com/compute/v1/projects/singing-duck-boso/regions/asia-southeast2/subnetworks/default",
              "https://www.googleapis.com/compute/v1/projects/singing-duck-boso/regions/europe-central2/subnetworks/default",
              "https://www.googleapis.com/compute/v1/projects/singing-duck-boso/regions/us-east1/subnetworks/default",
              "https://www.googleapis.com/compute/v1/projects/singing-duck-boso/regions/us-west3/subnetworks/default",
              "https://www.googleapis.com/compute/v1/projects/singing-duck-boso/regions/europe-west10/subnetworks/default",
              "https://www.googleapis.com/compute/v1/projects/singing-duck-boso/regions/europe-west12/subnetworks/default",
              "https://www.googleapis.com/compute/v1/projects/singing-duck-boso/regions/asia-east2/subnetworks/default",
              "https://www.googleapis.com/compute/v1/projects/singing-duck-boso/regions/us-central1/subnetworks/aet-uscentral1-slack--rag--connector-sbnt",
              "https://www.googleapis.com/compute/v1/projects/singing-duck-boso/regions/europe-west4/subnetworks/default",
              "https://www.googleapis.com/compute/v1/projects/singing-duck-boso/regions/asia-northeast3/subnetworks/default",
              "https://www.googleapis.com/compute/v1/projects/singing-duck-boso/regions/australia-southeast1/subnetworks/default",
              "https://www.googleapis.com/compute/v1/projects/singing-duck-boso/regions/europe-west6/subnetworks/default",
              "https://www.googleapis.com/compute/v1/projects/singing-duck-boso/regions/europe-southwest1/subnetworks/default",
              "https://www.googleapis.com/compute/v1/projects/singing-duck-boso/regions/us-east4/subnetworks/default",
              "https://www.googleapis.com/compute/v1/projects/singing-duck-boso/regions/asia-east1/subnetworks/default",
              "https://www.googleapis.com/compute/v1/projects/singing-duck-boso/regions/asia-south2/subnetworks/default",
              "https://www.googleapis.com/compute/v1/projects/singing-duck-boso/regions/europe-west2/subnetworks/default",
              "https://www.googleapis.com/compute/v1/projects/singing-duck-boso/regions/us-east5/subnetworks/default",
              "https://www.googleapis.com/compute/v1/projects/singing-duck-boso/regions/northamerica-northeast1/subnetworks/default",
              "https://www.googleapis.com/compute/v1/projects/singing-duck-boso/regions/us-west2/subnetworks/default",
              "https://www.googleapis.com/compute/v1/projects/singing-duck-boso/regions/australia-southeast2/subnetworks/default",
              "https://www.googleapis.com/compute/v1/projects/singing-duck-boso/regions/me-central1/subnetworks/default",
              "https://www.googleapis.com/compute/v1/projects/singing-duck-boso/regions/europe-north1/subnetworks/default",
              "https://www.googleapis.com/compute/v1/projects/singing-duck-boso/regions/asia-northeast1/subnetworks/default",
              "https://www.googleapis.com/compute/v1/projects/singing-duck-boso/regions/europe-west8/subnetworks/default"
            ]
          },
          "sensitive_attributes": []
        }
      ]
    },
    {
      "mode": "data",
      "type": "google_project",
      "name": "project",
      "provider": "provider[\"registry.terraform.io/hashicorp/google\"]",
      "instances": [
        {
          "schema_version": 0,
          "attributes": {
            "auto_create_network": null,
            "billing_account": "013722-461E31-603AC1",
            "deletion_policy": "DELETE",
            "effective_labels": {},
            "folder_id": null,
            "id": "projects/singing-duck-boso",
            "labels": {},
            "name": "Singing Duck",
            "number": "263462607345",
            "org_id": null,
            "project_id": "singing-duck-boso",
            "skip_delete": null,
            "terraform_labels": {}
          },
          "sensitive_attributes": []
        }
      ]
    },
    {
      "mode": "managed",
      "type": "google_cloud_run_v2_job",
      "name": "indexer",
      "provider": "provider[\"registry.terraform.io/hashicorp/google\"]",
      "instances": [
        {
          "schema_version": 0,
          "attributes": {
            "annotations": null,
            "binary_authorization": [],
            "client": "",
            "client_version": "",
            "conditions": [],
            "create_time": "2026-02-16T19:57:40.750339Z",
            "creator": "chrisissin@gmail.com",
            "delete_time": "",
            "effective_annotations": {},
            "effective_labels": {},
            "etag": "\"CLTtzcwGELiH5eUC/cHJvamVjdHMvc2luZ2luZy1kdWNrLWJvc28vbG9jYXRpb25zL3VzLWNlbnRyYWwxL2pvYnMvc2xhY2stcmFnLWluZGV4ZXI\"",
            "execution_count": 0,
            "expire_time": "",
            "generation": "1",
            "id": "projects/singing-duck-boso/locations/us-central1/jobs/slack-rag-indexer",
            "labels": null,
            "last_modifier": "chrisissin@gmail.com",
            "latest_created_execution": [],
            "launch_stage": "GA",
            "location": "us-central1",
            "name": "slack-rag-indexer",
            "observed_generation": "1",
            "project": "singing-duck-boso",
            "reconciling": false,
            "template": [
              {
                "annotations": null,
                "labels": null,
                "parallelism": 0,
                "task_count": 1,
                "template": [
                  {
                    "containers": [
                      {
                        "args": [
                          "src/indexer/sync_once.js"
                        ],
                        "command": [
                          "node"
                        ],
                        "env": [
                          {
                            "name": "GCP_PROJECT_ID",
                            "value": "singing-duck-boso",
                            "value_source": []
                          },
                          {
                            "name": "OLLAMA_BASE_URL",
                            "value": "https://ollama-557lrakomq-uc.a.run.app",
                            "value_source": []
                          },
                          {
                            "name": "OLLAMA_EMBED_MODEL",
                            "value": "nomic-embed-text",
                            "value_source": []
                          },
                          {
                            "name": "DATABASE_URL",
                            "value": "",
                            "value_source": [
                              {
                                "secret_key_ref": [
                                  {
                                    "secret": "database-url",
                                    "version": "latest"
                                  }
                                ]
                              }
                            ]
                          },
                          {
                            "name": "SLACK_CHANNEL_DELAY_MS",
                            "value": "12000",
                            "value_source": []
                          },
                          {
                            "name": "SLACK_THREAD_DELAY_MS",
                            "value": "2000",
                            "value_source": []
                          },
                          {
                            "name": "SLACK_BOT_TOKEN",
                            "value": "",
                            "value_source": [
                              {
                                "secret_key_ref": [
                                  {
                                    "secret": "slack-bot-token",
                                    "version": "latest"
                                  }
                                ]
                              }
                            ]
                          }
                        ],
                        "image": "us-docker.pkg.dev/cloudrun/container/hello",
                        "name": "",
                        "ports": [],
                        "resources": [
                          {
                            "limits": {
                              "cpu": "1",
                              "memory": "1Gi"
                            }
                          }
                        ],
                        "volume_mounts": [],
                        "working_dir": ""
                      }
                    ],
                    "encryption_key": "",
                    "execution_environment": "EXECUTION_ENVIRONMENT_GEN2",
                    "max_retries": 0,
                    "service_account": "slack-rag-indexer@singing-duck-boso.iam.gserviceaccount.com",
                    "timeout": "1800s",
                    "volumes": [],
                    "vpc_access": [
                      {
                        "connector": "projects/singing-duck-boso/locations/us-central1/connectors/slack-rag-connector",
                        "egress": "PRIVATE_RANGES_ONLY",
                        "network_interfaces": []
                      }
                    ]
                  }
                ]
              }
            ],
            "terminal_condition": [
              {
                "execution_reason": "",
                "last_transition_time": "2026-02-16T19:57:41.062282Z",
                "message": "",
                "reason": "",
                "revision_reason": "",
                "severity": "",
                "state": "CONDITION_SUCCEEDED",
                "type": "Ready"
              }
            ],
            "terraform_labels": {},
            "timeouts": null,
            "uid": "92128153-fb52-4ed7-8814-7c17d25bfabd",
            "update_time": "2026-02-16T19:57:40.750339Z"
          },
          "sensitive_attributes": [],
          "private": "eyJlMmJmYjczMC1lY2FhLTExZTYtOGY4OC0zNDM2M2JjN2M0YzAiOnsiY3JlYXRlIjoxMjAwMDAwMDAwMDAwLCJkZWxldGUiOjEyMDAwMDAwMDAwMDAsInVwZGF0ZSI6MTIwMDAwMDAwMDAwMH19",
          "dependencies": [
            "data.google_compute_network.default",
            "google_cloud_run_v2_service.ollama",
            "google_compute_global_address.private_ip_range",
            "google_project_service.compute",
            "google_project_service.run",
            "google_project_service.secretmanager",
            "google_project_service.vpcaccess",
            "google_secret_manager_secret.database_url",
            "google_secret_manager_secret.slack_bot_token",
            "google_secret_manager_secret_version.database_url",
            "google_secret_manager_secret_version.slack_bot_token_placeholder",
            "google_service_account.indexer",
            "google_service_networking_connection.private_vpc_connection",
            "google_sql_database_instance.main",
            "google_vpc_access_connector.connector",
            "random_password.db_password"
          ]
        }
      ]
    },
    {
      "mode": "managed",
      "type": "google_cloud_run_v2_job_iam_member",
      "name": "scheduler_invoker",
      "provider": "provider[\"registry.terraform.io/hashicorp/google\"]",
      "instances": [
        {
          "schema_version": 0,
          "attributes": {
            "condition": [],
            "etag": "BwZK9l4gqhc=",
            "id": "projects/singing-duck-boso/locations/us-central1/jobs/slack-rag-indexer/roles/run.invoker/serviceAccount:263462607345-compute@developer.gserviceaccount.com",
            "location": "us-central1",
            "member": "serviceAccount:263462607345-compute@developer.gserviceaccount.com",
            "name": "projects/singing-duck-boso/locations/us-central1/jobs/slack-rag-indexer",
            "project": "singing-duck-boso",
            "role": "roles/run.invoker"
          },
          "sensitive_attributes": [],
          "private": "bnVsbA==",
          "dependencies": [
            "data.google_compute_network.default",
            "data.google_project.project",
            "google_cloud_run_v2_job.indexer",
            "google_cloud_run_v2_service.ollama",
            "google_compute_global_address.private_ip_range",
            "google_project_service.compute",
            "google_project_service.run",
            "google_project_service.secretmanager",
            "google_project_service.vpcaccess",
            "google_secret_manager_secret.database_url",
            "google_secret_manager_secret.slack_bot_token",
            "google_secret_manager_secret_version.database_url",
            "google_secret_manager_secret_version.slack_bot_token_placeholder",
            "google_service_account.indexer",
            "google_service_networking_connection.private_vpc_connection",
            "google_sql_database_instance.main",
            "google_vpc_access_connector.connector",
            "random_password.db_password"
          ]
        }
      ]
    },
    {
      "mode": "managed",
      "type": "google_cloud_run_v2_service",
      "name": "agent",
      "provider": "provider[\"registry.terraform.io/hashicorp/google\"]",
      "instances": [
        {
          "schema_version": 0,
          "attributes": {
            "annotations": null,
            "binary_authorization": [],
            "client": "",
            "client_version": "",
            "conditions": [
              {
                "execution_reason": "",
                "last_transition_time": "2026-02-16T19:58:00.595123Z",
                "message": "",
                "reason": "",
                "revision_reason": "",
                "severity": "",
                "state": "CONDITION_SUCCEEDED",
                "type": "RoutesReady"
              },
              {
                "execution_reason": "",
                "last_transition_time": "2026-02-16T19:57:41.417621Z",
                "message": "",
                "reason": "",
                "revision_reason": "",
                "severity": "",
                "state": "CONDITION_SUCCEEDED",
                "type": "ConfigurationsReady"
              }
            ],
            "create_time": "2026-02-16T19:57:40.725249Z",
            "creator": "chrisissin@gmail.com",
            "custom_audiences": null,
            "delete_time": "",
            "description": "",
            "effective_annotations": {},
            "effective_labels": {},
            "etag": "\"CLTtzcwGEOjX6dkC/cHJvamVjdHMvc2luZ2luZy1kdWNrLWJvc28vbG9jYXRpb25zL3VzLWNlbnRyYWwxL3NlcnZpY2VzL3NsYWNrLXJhZy1ib3Q\"",
            "expire_time": "",
            "generation": "1",
            "id": "projects/singing-duck-boso/locations/us-central1/services/slack-rag-bot",
            "ingress": "INGRESS_TRAFFIC_ALL",
            "labels": null,
            "last_modifier": "chrisissin@gmail.com",
            "latest_created_revision": "projects/singing-duck-boso/locations/us-central1/services/slack-rag-bot/revisions/slack-rag-bot-00001-2g5",
            "latest_ready_revision": "projects/singing-duck-boso/locations/us-central1/services/slack-rag-bot/revisions/slack-rag-bot-00001-2g5",
            "launch_stage": "GA",
            "location": "us-central1",
            "name": "slack-rag-bot",
            "observed_generation": "1",
            "project": "singing-duck-boso",
            "reconciling": false,
            "template": [
              {
                "annotations": null,
                "containers": [
                  {
                    "args": null,
                    "command": null,
                    "depends_on": null,
                    "env": [
                      {
                        "name": "GCP_PROJECT_ID",
                        "value": "singing-duck-boso",
                        "value_source": []
                      },
                      {
                        "name": "OLLAMA_BASE_URL",
                        "value": "https://ollama-557lrakomq-uc.a.run.app",
                        "value_source": []
                      },
                      {
                        "name": "OLLAMA_CHAT_MODEL",
                        "value": "nano",
                        "value_source": []
                      },
                      {
                        "name": "OLLAMA_EMBED_MODEL",
                        "value": "nomic-embed-text",
                        "value_source": []
                      },
                      {
                        "name": "OLLAMA_MODEL",
                        "value": "nano",
                        "value_source": []
                      },
                      {
                        "name": "DATABASE_URL",
                        "value": "",
                        "value_source": [
                          {
                            "secret_key_ref": [
                              {
                                "secret": "database-url",
                                "version": "latest"
                              }
                            ]
                          }
                        ]
                      },
                      {
                        "name": "SLACK_BOT_TOKEN",
                        "value": "",
                        "value_source": [
                          {
                            "secret_key_ref": [
                              {
                                "secret": "slack-bot-token",
                                "version": "latest"
                              }
                            ]
                          }
                        ]
                      },
                      {
                        "name": "SLACK_SIGNING_SECRET",
                        "value": "",
                        "value_source": [
                          {
                            "secret_key_ref": [
                              {
                                "secret": "slack-signing-secret",
                                "version": "latest"
                              }
                            ]
                          }
                        ]
                      }
                    ],
                    "image": "us-docker.pkg.dev/cloudrun/container/hello",
                    "liveness_probe": [],
                    "name": "",
                    "ports": [
                      {
                        "container_port": 8080,
                        "name": "http1"
                      }
                    ],
                    "resources": [
                      {
                        "cpu_idle": true,
                        "limits": {
                          "cpu": "2",
                          "memory": "2Gi"
                        },
                        "startup_cpu_boost": false
                      }
                    ],
                    "startup_probe": [
                      {
                        "failure_threshold": 3,
                        "grpc": [],
                        "http_get": [
                          {
                            "http_headers": [],
                            "path": "/",
                            "port": 8080
                          }
                        ],
                        "initial_delay_seconds": 5,
                        "period_seconds": 10,
                        "tcp_socket": [],
                        "timeout_seconds": 3
                      }
                    ],
                    "volume_mounts": [],
                    "working_dir": ""
                  }
                ],
                "encryption_key": "",
                "execution_environment": "",
                "labels": null,
                "max_instance_request_concurrency": 80,
                "revision": "",
                "scaling": [
                  {
                    "max_instance_count": 10,
                    "min_instance_count": 0
                  }
                ],
                "service_account": "slack-rag-agent@singing-duck-boso.iam.gserviceaccount.com",
                "session_affinity": false,
                "timeout": "300s",
                "volumes": [],
                "vpc_access": [
                  {
                    "connector": "projects/singing-duck-boso/locations/us-central1/connectors/slack-rag-connector",
                    "egress": "PRIVATE_RANGES_ONLY",
                    "network_interfaces": []
                  }
                ]
              }
            ],
            "terminal_condition": [
              {
                "execution_reason": "",
                "last_transition_time": "2026-02-16T19:58:00.632140Z",
                "message": "",
                "reason": "",
                "revision_reason": "",
                "severity": "",
                "state": "CONDITION_SUCCEEDED",
                "type": "Ready"
              }
            ],
            "terraform_labels": {},
            "timeouts": null,
            "traffic": [
              {
                "percent": 100,
                "revision": "",
                "tag": "",
                "type": "TRAFFIC_TARGET_ALLOCATION_TYPE_LATEST"
              }
            ],
            "traffic_statuses": [
              {
                "percent": 100,
                "revision": "",
                "tag": "",
                "type": "TRAFFIC_TARGET_ALLOCATION_TYPE_LATEST",
                "uri": ""
              }
            ],
            "uid": "b12f83cd-19f7-4c4c-980a-22af0777e67c",
            "update_time": "2026-02-16T19:57:40.725249Z",
            "uri": "https://slack-rag-bot-557lrakomq-uc.a.run.app"
          },
          "sensitive_attributes": [],
          "private": "eyJlMmJmYjczMC1lY2FhLTExZTYtOGY4OC0zNDM2M2JjN2M0YzAiOnsiY3JlYXRlIjoxMjAwMDAwMDAwMDAwLCJkZWxldGUiOjEyMDAwMDAwMDAwMDAsInVwZGF0ZSI6MTIwMDAwMDAwMDAwMH19",
          "dependencies": [
            "data.google_compute_network.default",
            "google_cloud_run_v2_service.ollama",
            "google_compute_global_address.private_ip_range",
            "google_project_service.compute",
            "google_project_service.run",
            "google_project_service.secretmanager",
            "google_project_service.vpcaccess",
            "google_secret_manager_secret.database_url",
            "google_secret_manager_secret.slack_bot_token",
            "google_secret_manager_secret.slack_signing_secret",
            "google_secret_manager_secret_version.database_url",
            "google_secret_manager_secret_version.slack_bot_token_placeholder",
            "google_secret_manager_secret_version.slack_signing_secret_placeholder",
            "google_service_account.agent",
            "google_service_networking_connection.private_vpc_connection",
            "google_sql_database_instance.main",
            "google_vpc_access_connector.connector",
            "random_password.db_password"
          ]
        }
      ]
    },
    {
      "mode": "managed",
      "type": "google_cloud_run_v2_service",
      "name": "ollama",
      "provider": "provider[\"registry.terraform.io/hashicorp/google\"]",
      "instances": [
        {
          "index_key": 0,
          "schema_version": 0,
          "attributes": {
            "annotations": {},
            "binary_authorization": [],
            "client": "",
            "client_version": "",
            "conditions": [
              {
                "execution_reason": "",
                "last_transition_time": "2026-02-16T19:33:52.305498Z",
                "message": "",
                "reason": "",
                "revision_reason": "",
                "severity": "",
                "state": "CONDITION_SUCCEEDED",
                "type": "RoutesReady"
              },
              {
                "execution_reason": "",
                "last_transition_time": "2026-02-16T19:33:35.739731Z",
                "message": "",
                "reason": "",
                "revision_reason": "",
                "severity": "",
                "state": "CONDITION_SUCCEEDED",
                "type": "ConfigurationsReady"
              }
            ],
            "create_time": "2026-02-16T19:33:34.921190Z",
            "creator": "chrisissin@gmail.com",
            "custom_audiences": [],
            "delete_time": "",
            "description": "",
            "effective_annotations": {},
            "effective_labels": {},
            "etag": "\"CI7izcwGEPD8oLcD/cHJvamVjdHMvc2luZ2luZy1kdWNrLWJvc28vbG9jYXRpb25zL3VzLWNlbnRyYWwxL3NlcnZpY2VzL29sbGFtYQ\"",
            "expire_time": "",
            "generation": "1",
            "id": "projects/singing-duck-boso/locations/us-central1/services/ollama",
            "ingress": "INGRESS_TRAFFIC_ALL",
            "labels": {},
            "last_modifier": "chrisissin@gmail.com",
            "latest_created_revision": "projects/singing-duck-boso/locations/us-central1/services/ollama/revisions/ollama-00001-xmh",
            "latest_ready_revision": "projects/singing-duck-boso/locations/us-central1/services/ollama/revisions/ollama-00001-xmh",
            "launch_stage": "GA",
            "location": "us-central1",
            "name": "ollama",
            "observed_generation": "1",
            "project": "singing-duck-boso",
            "reconciling": false,
            "template": [
              {
                "annotations": {},
                "containers": [
                  {
                    "args": [
                      "serve"
                    ],
                    "command": [
                      "ollama"
                    ],
                    "depends_on": [],
                    "env": [
                      {
                        "name": "OLLAMA_HOST",
                        "value": "0.0.0.0:8080",
                        "value_source": []
                      },
                      {
                        "name": "OLLAMA_KEEP_ALIVE",
                        "value": "30m",
                        "value_source": []
                      }
                    ],
                    "image": "ollama/ollama",
                    "liveness_probe": [],
                    "name": "",
                    "ports": [
                      {
                        "container_port": 8080,
                        "name": "http1"
                      }
                    ],
                    "resources": [
                      {
                        "cpu_idle": false,
                        "limits": {
                          "cpu": "2",
                          "memory": "4Gi"
                        },
                        "startup_cpu_boost": false
                      }
                    ],
                    "startup_probe": [
                      {
                        "failure_threshold": 6,
                        "grpc": [],
                        "http_get": [
                          {
                            "http_headers": [],
                            "path": "/",
                            "port": 8080
                          }
                        ],
                        "initial_delay_seconds": 10,
                        "period_seconds": 10,
                        "tcp_socket": [],
                        "timeout_seconds": 5
                      }
                    ],
                    "volume_mounts": [],
                    "working_dir": ""
                  }
                ],
                "encryption_key": "",
                "execution_environment": "",
                "labels": {},
                "max_instance_request_concurrency": 1,
                "revision": "",
                "scaling": [
                  {
                    "max_instance_count": 2,
                    "min_instance_count": 0
                  }
                ],
                "service_account": "263462607345-compute@developer.gserviceaccount.com",
                "session_affinity": false,
                "timeout": "3600s",
                "volumes": [],
                "vpc_access": []
              }
            ],
            "terminal_condition": [
              {
                "execution_reason": "",
                "last_transition_time": "2026-02-16T19:33:52.353832Z",
                "message": "",
                "reason": "",
                "revision_reason": "",
                "severity": "",
                "state": "CONDITION_SUCCEEDED",
                "type": "Ready"
              }
            ],
            "terraform_labels": {},
            "timeouts": null,
            "traffic": [
              {
                "percent": 100,
                "revision": "",
                "tag": "",
                "type": "TRAFFIC_TARGET_ALLOCATION_TYPE_LATEST"
              }
            ],
            "traffic_statuses": [
              {
                "percent": 100,
                "revision": "",
                "tag": "",
                "type": "TRAFFIC_TARGET_ALLOCATION_TYPE_LATEST",
                "uri": ""
              }
            ],
            "uid": "fb867013-c6cf-4a27-a845-bb25439d5c87",
            "update_time": "2026-02-16T19:33:34.921190Z",
            "uri": "https://ollama-557lrakomq-uc.a.run.app"
          },
          "sensitive_attributes": [],
          "private": "eyJlMmJmYjczMC1lY2FhLTExZTYtOGY4OC0zNDM2M2JjN2M0YzAiOnsiY3JlYXRlIjoxMjAwMDAwMDAwMDAwLCJkZWxldGUiOjEyMDAwMDAwMDAwMDAsInVwZGF0ZSI6MTIwMDAwMDAwMDAwMH19",
          "dependencies": [
            "google_project_service.run"
          ]
        }
      ]
    },
    {
      "mode": "managed",
      "type": "google_cloud_run_v2_service_iam_member",
      "name": "agent_invoke_ollama",
      "provider": "provider[\"registry.terraform.io/hashicorp/google\"]",
      "instances": [
        {
          "index_key": 0,
          "schema_version": 0,
          "attributes": {
            "condition": [],
            "etag": "BwZK9gl42VU=",
            "id": "projects/singing-duck-boso/locations/us-central1/services/ollama/roles/run.invoker/serviceAccount:slack-rag-agent@singing-duck-boso.iam.gserviceaccount.com",
            "location": "us-central1",
            "member": "serviceAccount:slack-rag-agent@singing-duck-boso.iam.gserviceaccount.com",
            "name": "projects/singing-duck-boso/locations/us-central1/services/ollama",
            "project": "singing-duck-boso",
            "role": "roles/run.invoker"
          },
          "sensitive_attributes": [],
          "private": "bnVsbA==",
          "dependencies": [
            "google_cloud_run_v2_service.ollama",
            "google_project_service.run",
            "google_service_account.agent"
          ]
        }
      ]
    },
    {
      "mode": "managed",
      "type": "google_cloud_run_v2_service_iam_member",
      "name": "agent_public",
      "provider": "provider[\"registry.terraform.io/hashicorp/google\"]",
      "instances": [
        {
          "schema_version": 0,
          "attributes": {
            "condition": [],
            "etag": "BwZK9l9SFOM=",
            "id": "projects/singing-duck-boso/locations/us-central1/services/slack-rag-bot/roles/run.invoker/allUsers",
            "location": "us-central1",
            "member": "allUsers",
            "name": "projects/singing-duck-boso/locations/us-central1/services/slack-rag-bot",
            "project": "singing-duck-boso",
            "role": "roles/run.invoker"
          },
          "sensitive_attributes": [],
          "private": "bnVsbA==",
          "dependencies": [
            "data.google_compute_network.default",
            "google_cloud_run_v2_service.agent",
            "google_cloud_run_v2_service.ollama",
            "google_compute_global_address.private_ip_range",
            "google_project_service.compute",
            "google_project_service.run",
            "google_project_service.secretmanager",
            "google_project_service.vpcaccess",
            "google_secret_manager_secret.database_url",
            "google_secret_manager_secret.slack_bot_token",
            "google_secret_manager_secret.slack_signing_secret",
            "google_secret_manager_secret_version.database_url",
            "google_secret_manager_secret_version.slack_bot_token_placeholder",
            "google_secret_manager_secret_version.slack_signing_secret_placeholder",
            "google_service_account.agent",
            "google_service_networking_connection.private_vpc_connection",
            "google_sql_database_instance.main",
            "google_vpc_access_connector.connector",
            "random_password.db_password"
          ]
        }
      ]
    },
    {
      "mode": "managed",
      "type": "google_cloud_run_v2_service_iam_member",
      "name": "ollama_public",
      "provider": "provider[\"registry.terraform.io/hashicorp/google\"]",
      "instances": [
        {
          "index_key": 0,
          "schema_version": 0,
          "attributes": {
            "condition": [],
            "etag": "BwZK9gl42VU=",
            "id": "projects/singing-duck-boso/locations/us-central1/services/ollama/roles/run.invoker/allUsers",
            "location": "us-central1",
            "member": "allUsers",
            "name": "projects/singing-duck-boso/locations/us-central1/services/ollama",
            "project": "singing-duck-boso",
            "role": "roles/run.invoker"
          },
          "sensitive_attributes": [],
          "private": "bnVsbA==",
          "dependencies": [
            "google_cloud_run_v2_service.ollama",
            "google_project_service.run"
          ]
        }
      ]
    },
    {
      "mode": "managed",
      "type": "google_cloud_scheduler_job",
      "name": "indexer",
      "provider": "provider[\"registry.terraform.io/hashicorp/google\"]",
      "instances": [
        {
          "schema_version": 0,
          "attributes": {
            "app_engine_http_target": [],
            "attempt_deadline": "600s",
            "description": "",
            "http_target": [
              {
                "body": "",
                "headers": null,
                "http_method": "POST",
                "oauth_token": [
                  {
                    "scope": "https://www.googleapis.com/auth/cloud-platform",
                    "service_account_email": "263462607345-compute@developer.gserviceaccount.com"
                  }
                ],
                "oidc_token": [],
                "uri": "https://us-central1-run.googleapis.com/apis/run.googleapis.com/v1/namespaces/singing-duck-boso/jobs/slack-rag-indexer:run"
              }
            ],
            "id": "projects/singing-duck-boso/locations/us-central1/jobs/slack-rag-indexer-trigger",
            "name": "slack-rag-indexer-trigger",
            "paused": false,
            "project": "singing-duck-boso",
            "pubsub_target": [],
            "region": "us-central1",
            "retry_config": [
              {
                "max_backoff_duration": "3600s",
                "max_doublings": 5,
                "max_retry_duration": "0s",
                "min_backoff_duration": "5s",
                "retry_count": 2
              }
            ],
            "schedule": "*/30 * * * *",
            "state": "ENABLED",
            "time_zone": "UTC",
            "timeouts": null
          },
          "sensitive_attributes": [],
          "private": "eyJlMmJmYjczMC1lY2FhLTExZTYtOGY4OC0zNDM2M2JjN2M0YzAiOnsiY3JlYXRlIjoxMjAwMDAwMDAwMDAwLCJkZWxldGUiOjEyMDAwMDAwMDAwMDAsInVwZGF0ZSI6MTIwMDAwMDAwMDAwMH19",
          "dependencies": [
            "data.google_compute_network.default",
            "data.google_project.project",
            "google_cloud_run_v2_job.indexer",
            "google_cloud_run_v2_service.ollama",
            "google_compute_global_address.private_ip_range",
            "google_project_service.compute",
            "google_project_service.run",
            "google_project_service.scheduler",
            "google_project_service.secretmanager",
            "google_project_service.vpcaccess",
            "google_secret_manager_secret.database_url",
            "google_secret_manager_secret.slack_bot_token",
            "google_secret_manager_secret_version.database_url",
            "google_secret_manager_secret_version.slack_bot_token_placeholder",
            "google_service_account.indexer",
            "google_service_networking_connection.private_vpc_connection",
            "google_sql_database_instance.main",
            "google_vpc_access_connector.connector",
            "random_password.db_password"
          ]
        }
      ]
    },
    {
      "mode": "managed",
      "type": "google_compute_global_address",
      "name": "private_ip_range",
      "provider": "provider[\"registry.terraform.io/hashicorp/google\"]",
      "instances": [
        {
          "schema_version": 0,
          "attributes": {
            "address": "10.126.0.0",
            "address_type": "INTERNAL",
            "creation_timestamp": "2026-02-16T11:33:35.132-08:00",
            "description": "",
            "effective_labels": {},
            "id": "projects/singing-duck-boso/global/addresses/slack-rag-private-ip-range",
            "ip_version": "",
            "label_fingerprint": "42WmSpB8rSM=",
            "labels": {},
            "name": "slack-rag-private-ip-range",
            "network": "https://www.googleapis.com/compute/v1/projects/singing-duck-boso/global/networks/default",
            "prefix_length": 16,
            "project": "singing-duck-boso",
            "purpose": "VPC_PEERING",
            "self_link": "https://www.googleapis.com/compute/v1/projects/singing-duck-boso/global/addresses/slack-rag-private-ip-range",
            "terraform_labels": {},
            "timeouts": null
          },
          "sensitive_attributes": [],
          "private": "eyJlMmJmYjczMC1lY2FhLTExZTYtOGY4OC0zNDM2M2JjN2M0YzAiOnsiY3JlYXRlIjoxMjAwMDAwMDAwMDAwLCJkZWxldGUiOjEyMDAwMDAwMDAwMDAsInVwZGF0ZSI6MTIwMDAwMDAwMDAwMH19",
          "dependencies": [
            "data.google_compute_network.default",
            "google_project_service.compute"
          ]
        }
      ]
    },
    {
      "mode": "managed",
      "type": "google_project_service",
      "name": "cloudbuild",
      "provider": "provider[\"registry.terraform.io/hashicorp/google\"]",
      "instances": [
        {
          "schema_version": 0,
          "attributes": {
            "disable_dependent_services": null,
            "disable_on_destroy": false,
            "id": "singing-duck-boso/cloudbuild.googleapis.com",
            "project": "singing-duck-boso",
            "service": "cloudbuild.googleapis.com",
            "timeouts": null
          },
          "sensitive_attributes": [],
          "private": "eyJlMmJmYjczMC1lY2FhLTExZTYtOGY4OC0zNDM2M2JjN2M0YzAiOnsiY3JlYXRlIjoxMjAwMDAwMDAwMDAwLCJkZWxldGUiOjEyMDAwMDAwMDAwMDAsInJlYWQiOjYwMDAwMDAwMDAwMCwidXBkYXRlIjoxMjAwMDAwMDAwMDAwfX0="
        }
      ]
    },
    {
      "mode": "managed",
      "type": "google_project_service",
      "name": "compute",
      "provider": "provider[\"registry.terraform.io/hashicorp/google\"]",
      "instances": [
        {
          "schema_version": 0,
          "attributes": {
            "disable_dependent_services": null,
            "disable_on_destroy": false,
            "id": "singing-duck-boso/compute.googleapis.com",
            "project": "singing-duck-boso",
            "service": "compute.googleapis.com",
            "timeouts": null
          },
          "sensitive_attributes": [],
          "private": "eyJlMmJmYjczMC1lY2FhLTExZTYtOGY4OC0zNDM2M2JjN2M0YzAiOnsiY3JlYXRlIjoxMjAwMDAwMDAwMDAwLCJkZWxldGUiOjEyMDAwMDAwMDAwMDAsInJlYWQiOjYwMDAwMDAwMDAwMCwidXBkYXRlIjoxMjAwMDAwMDAwMDAwfX0="
        }
      ]
    },
    {
      "mode": "managed",
      "type": "google_project_service",
      "name": "run",
      "provider": "provider[\"registry.terraform.io/hashicorp/google\"]",
      "instances": [
        {
          "schema_version": 0,
          "attributes": {
            "disable_dependent_services": null,
            "disable_on_destroy": false,
            "id": "singing-duck-boso/run.googleapis.com",
            "project": "singing-duck-boso",
            "service": "run.googleapis.com",
            "timeouts": null
          },
          "sensitive_attributes": [],
          "private": "eyJlMmJmYjczMC1lY2FhLTExZTYtOGY4OC0zNDM2M2JjN2M0YzAiOnsiY3JlYXRlIjoxMjAwMDAwMDAwMDAwLCJkZWxldGUiOjEyMDAwMDAwMDAwMDAsInJlYWQiOjYwMDAwMDAwMDAwMCwidXBkYXRlIjoxMjAwMDAwMDAwMDAwfX0="
        }
      ]
    },
    {
      "mode": "managed",
      "type": "google_project_service",
      "name": "scheduler",
      "provider": "provider[\"registry.terraform.io/hashicorp/google\"]",
      "instances": [
        {
          "schema_version": 0,
          "attributes": {
            "disable_dependent_services": null,
            "disable_on_destroy": false,
            "id": "singing-duck-boso/cloudscheduler.googleapis.com",
            "project": "singing-duck-boso",
            "service": "cloudscheduler.googleapis.com",
            "timeouts": null
          },
          "sensitive_attributes": [],
          "private": "eyJlMmJmYjczMC1lY2FhLTExZTYtOGY4OC0zNDM2M2JjN2M0YzAiOnsiY3JlYXRlIjoxMjAwMDAwMDAwMDAwLCJkZWxldGUiOjEyMDAwMDAwMDAwMDAsInJlYWQiOjYwMDAwMDAwMDAwMCwidXBkYXRlIjoxMjAwMDAwMDAwMDAwfX0="
        }
      ]
    },
    {
      "mode": "managed",
      "type": "google_project_service",
      "name": "secretmanager",
      "provider": "provider[\"registry.terraform.io/hashicorp/google\"]",
      "instances": [
        {
          "schema_version": 0,
          "attributes": {
            "disable_dependent_services": null,
            "disable_on_destroy": false,
            "id": "singing-duck-boso/secretmanager.googleapis.com",
            "project": "singing-duck-boso",
            "service": "secretmanager.googleapis.com",
            "timeouts": null
          },
          "sensitive_attributes": [],
          "private": "eyJlMmJmYjczMC1lY2FhLTExZTYtOGY4OC0zNDM2M2JjN2M0YzAiOnsiY3JlYXRlIjoxMjAwMDAwMDAwMDAwLCJkZWxldGUiOjEyMDAwMDAwMDAwMDAsInJlYWQiOjYwMDAwMDAwMDAwMCwidXBkYXRlIjoxMjAwMDAwMDAwMDAwfX0="
        }
      ]
    },
    {
      "mode": "managed",
      "type": "google_project_service",
      "name": "servicenetworking",
      "provider": "provider[\"registry.terraform.io/hashicorp/google\"]",
      "instances": [
        {
          "schema_version": 0,
          "attributes": {
            "disable_dependent_services": null,
            "disable_on_destroy": false,
            "id": "singing-duck-boso/servicenetworking.googleapis.com",
            "project": "singing-duck-boso",
            "service": "servicenetworking.googleapis.com",
            "timeouts": null
          },
          "sensitive_attributes": [],
          "private": "eyJlMmJmYjczMC1lY2FhLTExZTYtOGY4OC0zNDM2M2JjN2M0YzAiOnsiY3JlYXRlIjoxMjAwMDAwMDAwMDAwLCJkZWxldGUiOjEyMDAwMDAwMDAwMDAsInJlYWQiOjYwMDAwMDAwMDAwMCwidXBkYXRlIjoxMjAwMDAwMDAwMDAwfX0="
        }
      ]
    },
    {
      "mode": "managed",
      "type": "google_project_service",
      "name": "sqladmin",
      "provider": "provider[\"registry.terraform.io/hashicorp/google\"]",
      "instances": [
        {
          "schema_version": 0,
          "attributes": {
            "disable_dependent_services": null,
            "disable_on_destroy": false,
            "id": "singing-duck-boso/sqladmin.googleapis.com",
            "project": "singing-duck-boso",
            "service": "sqladmin.googleapis.com",
            "timeouts": null
          },
          "sensitive_attributes": [],
          "private": "eyJlMmJmYjczMC1lY2FhLTExZTYtOGY4OC0zNDM2M2JjN2M0YzAiOnsiY3JlYXRlIjoxMjAwMDAwMDAwMDAwLCJkZWxldGUiOjEyMDAwMDAwMDAwMDAsInJlYWQiOjYwMDAwMDAwMDAwMCwidXBkYXRlIjoxMjAwMDAwMDAwMDAwfX0="
        }
      ]
    },
    {
      "mode": "managed",
      "type": "google_project_service",
      "name": "vpcaccess",
      "provider": "provider[\"registry.terraform.io/hashicorp/google\"]",
      "instances": [
        {
          "schema_version": 0,
          "attributes": {
            "disable_dependent_services": null,
            "disable_on_destroy": false,
            "id": "singing-duck-boso/vpcaccess.googleapis.com",
            "project": "singing-duck-boso",
            "service": "vpcaccess.googleapis.com",
            "timeouts": null
          },
          "sensitive_attributes": [],
          "private": "eyJlMmJmYjczMC1lY2FhLTExZTYtOGY4OC0zNDM2M2JjN2M0YzAiOnsiY3JlYXRlIjoxMjAwMDAwMDAwMDAwLCJkZWxldGUiOjEyMDAwMDAwMDAwMDAsInJlYWQiOjYwMDAwMDAwMDAwMCwidXBkYXRlIjoxMjAwMDAwMDAwMDAwfX0="
        }
      ]
    },
    {
      "mode": "managed",
      "type": "google_secret_manager_secret",
      "name": "database_url",
      "provider": "provider[\"registry.terraform.io/hashicorp/google\"]",
      "instances": [
        {
          "schema_version": 0,
          "attributes": {
            "annotations": {},
            "create_time": "2026-02-16T19:33:34.659334Z",
            "effective_annotations": {},
            "effective_labels": {},
            "expire_time": "",
            "id": "projects/singing-duck-boso/secrets/database-url",
            "labels": {},
            "name": "projects/263462607345/secrets/database-url",
            "project": "singing-duck-boso",
            "replication": [
              {
                "auto": [
                  {
                    "customer_managed_encryption": []
                  }
                ],
                "user_managed": []
              }
            ],
            "rotation": [],
            "secret_id": "database-url",
            "terraform_labels": {},
            "timeouts": null,
            "topics": [],
            "ttl": null,
            "version_aliases": {},
            "version_destroy_ttl": ""
          },
          "sensitive_attributes": [],
          "private": "eyJlMmJmYjczMC1lY2FhLTExZTYtOGY4OC0zNDM2M2JjN2M0YzAiOnsiY3JlYXRlIjoxMjAwMDAwMDAwMDAwLCJkZWxldGUiOjEyMDAwMDAwMDAwMDAsInVwZGF0ZSI6MTIwMDAwMDAwMDAwMH19",
          "dependencies": [
            "google_project_service.secretmanager"
          ]
        }
      ]
    },
    {
      "mode": "managed",
      "type": "google_secret_manager_secret",
      "name": "postgres_password",
      "provider": "provider[\"registry.terraform.io/hashicorp/google\"]",
      "instances": [
        {
          "schema_version": 0,
          "attributes": {
            "annotations": {},
            "create_time": "2026-02-16T19:33:34.660181Z",
            "effective_annotations": {},
            "effective_labels": {},
            "expire_time": "",
            "id": "projects/singing-duck-boso/secrets/postgres-password",
            "labels": {},
            "name": "projects/263462607345/secrets/postgres-password",
            "project": "singing-duck-boso",
            "replication": [
              {
                "auto": [
                  {
                    "customer_managed_encryption": []
                  }
                ],
                "user_managed": []
              }
            ],
            "rotation": [],
            "secret_id": "postgres-password",
            "terraform_labels": {},
            "timeouts": null,
            "topics": [],
            "ttl": null,
            "version_aliases": {},
            "version_destroy_ttl": ""
          },
          "sensitive_attributes": [],
          "private": "eyJlMmJmYjczMC1lY2FhLTExZTYtOGY4OC0zNDM2M2JjN2M0YzAiOnsiY3JlYXRlIjoxMjAwMDAwMDAwMDAwLCJkZWxldGUiOjEyMDAwMDAwMDAwMDAsInVwZGF0ZSI6MTIwMDAwMDAwMDAwMH19",
          "dependencies": [
            "google_project_service.secretmanager"
          ]
        }
      ]
    },
    {
      "mode": "managed",
      "type": "google_secret_manager_secret",
      "name": "slack_bot_token",
      "provider": "provider[\"registry.terraform.io/hashicorp/google\"]",
      "instances": [
        {
          "schema_version": 0,
          "attributes": {
            "annotations": {},
            "create_time": "2026-02-16T19:33:34.661863Z",
            "effective_annotations": {},
            "effective_labels": {},
            "expire_time": "",
            "id": "projects/singing-duck-boso/secrets/slack-bot-token",
            "labels": {},
            "name": "projects/263462607345/secrets/slack-bot-token",
            "project": "singing-duck-boso",
            "replication": [
              {
                "auto": [
                  {
                    "customer_managed_encryption": []
                  }
                ],
                "user_managed": []
              }
            ],
            "rotation": [],
            "secret_id": "slack-bot-token",
            "terraform_labels": {},
            "timeouts": null,
            "topics": [],
            "ttl": null,
            "version_aliases": {},
            "version_destroy_ttl": ""
          },
          "sensitive_attributes": [],
          "private": "eyJlMmJmYjczMC1lY2FhLTExZTYtOGY4OC0zNDM2M2JjN2M0YzAiOnsiY3JlYXRlIjoxMjAwMDAwMDAwMDAwLCJkZWxldGUiOjEyMDAwMDAwMDAwMDAsInVwZGF0ZSI6MTIwMDAwMDAwMDAwMH19",
          "dependencies": [
            "google_project_service.secretmanager"
          ]
        }
      ]
    },
    {
      "mode": "managed",
      "type": "google_secret_manager_secret",
      "name": "slack_signing_secret",
      "provider": "provider[\"registry.terraform.io/hashicorp/google\"]",
      "instances": [
        {
          "schema_version": 0,
          "attributes": {
            "annotations": {},
            "create_time": "2026-02-16T19:33:34.661498Z",
            "effective_annotations": {},
            "effective_labels": {},
            "expire_time": "",
            "id": "projects/singing-duck-boso/secrets/slack-signing-secret",
            "labels": {},
            "name": "projects/263462607345/secrets/slack-signing-secret",
            "project": "singing-duck-boso",
            "replication": [
              {
                "auto": [
                  {
                    "customer_managed_encryption": []
                  }
                ],
                "user_managed": []
              }
            ],
            "rotation": [],
            "secret_id": "slack-signing-secret",
            "terraform_labels": {},
            "timeouts": null,
            "topics": [],
            "ttl": null,
            "version_aliases": {},
            "version_destroy_ttl": ""
          },
          "sensitive_attributes": [],
          "private": "eyJlMmJmYjczMC1lY2FhLTExZTYtOGY4OC0zNDM2M2JjN2M0YzAiOnsiY3JlYXRlIjoxMjAwMDAwMDAwMDAwLCJkZWxldGUiOjEyMDAwMDAwMDAwMDAsInVwZGF0ZSI6MTIwMDAwMDAwMDAwMH19",
          "dependencies": [
            "google_project_service.secretmanager"
          ]
        }
      ]
    },
    {
      "mode": "managed",
      "type": "google_secret_manager_secret_iam_member",
      "name": "agent_database_url",
      "provider": "provider[\"registry.terraform.io/hashicorp/google\"]",
      "instances": [
        {
          "schema_version": 0,
          "attributes": {
            "condition": [],
            "etag": "BwZK9gi56Oo=",
            "id": "projects/singing-duck-boso/secrets/database-url/roles/secretmanager.secretAccessor/serviceAccount:slack-rag-agent@singing-duck-boso.iam.gserviceaccount.com",
            "member": "serviceAccount:slack-rag-agent@singing-duck-boso.iam.gserviceaccount.com",
            "project": "singing-duck-boso",
            "role": "roles/secretmanager.secretAccessor",
            "secret_id": "projects/singing-duck-boso/secrets/database-url"
          },
          "sensitive_attributes": [],
          "private": "bnVsbA==",
          "dependencies": [
            "google_project_service.secretmanager",
            "google_secret_manager_secret.database_url",
            "google_service_account.agent"
          ]
        }
      ]
    },
    {
      "mode": "managed",
      "type": "google_secret_manager_secret_iam_member",
      "name": "agent_slack_bot_token",
      "provider": "provider[\"registry.terraform.io/hashicorp/google\"]",
      "instances": [
        {
          "schema_version": 0,
          "attributes": {
            "condition": [],
            "etag": "BwZK9gi7ZSo=",
            "id": "projects/singing-duck-boso/secrets/slack-bot-token/roles/secretmanager.secretAccessor/serviceAccount:slack-rag-agent@singing-duck-boso.iam.gserviceaccount.com",
            "member": "serviceAccount:slack-rag-agent@singing-duck-boso.iam.gserviceaccount.com",
            "project": "singing-duck-boso",
            "role": "roles/secretmanager.secretAccessor",
            "secret_id": "projects/singing-duck-boso/secrets/slack-bot-token"
          },
          "sensitive_attributes": [],
          "private": "bnVsbA==",
          "dependencies": [
            "google_project_service.secretmanager",
            "google_secret_manager_secret.slack_bot_token",
            "google_service_account.agent"
          ]
        }
      ]
    },
    {
      "mode": "managed",
      "type": "google_secret_manager_secret_iam_member",
      "name": "agent_slack_signing",
      "provider": "provider[\"registry.terraform.io/hashicorp/google\"]",
      "instances": [
        {
          "schema_version": 0,
          "attributes": {
            "condition": [],
            "etag": "BwZK9gi9H64=",
            "id": "projects/singing-duck-boso/secrets/slack-signing-secret/roles/secretmanager.secretAccessor/serviceAccount:slack-rag-agent@singing-duck-boso.iam.gserviceaccount.com",
            "member": "serviceAccount:slack-rag-agent@singing-duck-boso.iam.gserviceaccount.com",
            "project": "singing-duck-boso",
            "role": "roles/secretmanager.secretAccessor",
            "secret_id": "projects/singing-duck-boso/secrets/slack-signing-secret"
          },
          "sensitive_attributes": [],
          "private": "bnVsbA==",
          "dependencies": [
            "google_project_service.secretmanager",
            "google_secret_manager_secret.slack_signing_secret",
            "google_service_account.agent"
          ]
        }
      ]
    },
    {
      "mode": "managed",
      "type": "google_secret_manager_secret_iam_member",
      "name": "indexer_database_url",
      "provider": "provider[\"registry.terraform.io/hashicorp/google\"]",
      "instances": [
        {
          "schema_version": 0,
          "attributes": {
            "condition": [],
            "etag": "BwZK9gi56Oo=",
            "id": "projects/singing-duck-boso/secrets/database-url/roles/secretmanager.secretAccessor/serviceAccount:slack-rag-indexer@singing-duck-boso.iam.gserviceaccount.com",
            "member": "serviceAccount:slack-rag-indexer@singing-duck-boso.iam.gserviceaccount.com",
            "project": "singing-duck-boso",
            "role": "roles/secretmanager.secretAccessor",
            "secret_id": "projects/singing-duck-boso/secrets/database-url"
          },
          "sensitive_attributes": [],
          "private": "bnVsbA==",
          "dependencies": [
            "google_project_service.secretmanager",
            "google_secret_manager_secret.database_url",
            "google_service_account.indexer"
          ]
        }
      ]
    },
    {
      "mode": "managed",
      "type": "google_secret_manager_secret_iam_member",
      "name": "indexer_slack_bot_token",
      "provider": "provider[\"registry.terraform.io/hashicorp/google\"]",
      "instances": [
        {
          "schema_version": 0,
          "attributes": {
            "condition": [],
            "etag": "BwZK9gi7ZSo=",
            "id": "projects/singing-duck-boso/secrets/slack-bot-token/roles/secretmanager.secretAccessor/serviceAccount:slack-rag-indexer@singing-duck-boso.iam.gserviceaccount.com",
            "member": "serviceAccount:slack-rag-indexer@singing-duck-boso.iam.gserviceaccount.com",
            "project": "singing-duck-boso",
            "role": "roles/secretmanager.secretAccessor",
            "secret_id": "projects/singing-duck-boso/secrets/slack-bot-token"
          },
          "sensitive_attributes": [],
          "private": "bnVsbA==",
          "dependencies": [
            "google_project_service.secretmanager",
            "google_secret_manager_secret.slack_bot_token",
            "google_service_account.indexer"
          ]
        }
      ]
    },
    {
      "mode": "managed",
      "type": "google_secret_manager_secret_iam_member",
      "name": "indexer_slack_signing",
      "provider": "provider[\"registry.terraform.io/hashicorp/google\"]",
      "instances": [
        {
          "schema_version": 0,
          "attributes": {
            "condition": [],
            "etag": "BwZK9gi9H64=",
            "id": "projects/singing-duck-boso/secrets/slack-signing-secret/roles/secretmanager.secretAccessor/serviceAccount:slack-rag-indexer@singing-duck-boso.iam.gserviceaccount.com",
            "member": "serviceAccount:slack-rag-indexer@singing-duck-boso.iam.gserviceaccount.com",
            "project": "singing-duck-boso",
            "role": "roles/secretmanager.secretAccessor",
            "secret_id": "projects/singing-duck-boso/secrets/slack-signing-secret"
          },
          "sensitive_attributes": [],
          "private": "bnVsbA==",
          "dependencies": [
            "google_project_service.secretmanager",
            "google_secret_manager_secret.slack_signing_secret",
            "google_service_account.indexer"
          ]
        }
      ]
    },
    {
      "mode": "managed",
      "type": "google_secret_manager_secret_version",
      "name": "database_url",
      "provider": "provider[\"registry.terraform.io/hashicorp/google\"]",
      "instances": [
        {
          "schema_version": 0,
          "attributes": {
            "create_time": "2026-02-16T19:57:39.805028Z",
            "deletion_policy": "DELETE",
            "destroy_time": "",
            "enabled": true,
            "id": "projects/263462607345/secrets/database-url/versions/1",
            "is_secret_data_base64": false,
            "name": "projects/263462607345/secrets/database-url/versions/1",
            "secret": "projects/singing-duck-boso/secrets/database-url",
            "secret_data": "postgresql://slack_rag_app:r%3Dhg%5BoG5o%7B%40%26Q_Zv%40bCHR%26O7@10.126.0.3:5432/slack_rag?sslmode=disable",
            "timeouts": null,
            "version": "1"
          },
          "sensitive_attributes": [
            [
              {
                "type": "get_attr",
                "value": "secret_data"
              }
            ]
          ],
          "private": "eyJlMmJmYjczMC1lY2FhLTExZTYtOGY4OC0zNDM2M2JjN2M0YzAiOnsiY3JlYXRlIjoxMjAwMDAwMDAwMDAwLCJkZWxldGUiOjEyMDAwMDAwMDAwMDAsInVwZGF0ZSI6MTIwMDAwMDAwMDAwMH19",
          "dependencies": [
            "data.google_compute_network.default",
            "google_compute_global_address.private_ip_range",
            "google_project_service.compute",
            "google_project_service.secretmanager",
            "google_secret_manager_secret.database_url",
            "google_service_networking_connection.private_vpc_connection",
            "google_sql_database_instance.main",
            "random_password.db_password"
          ]
        }
      ]
    },
    {
      "mode": "managed",
      "type": "google_secret_manager_secret_version",
      "name": "postgres_password",
      "provider": "provider[\"registry.terraform.io/hashicorp/google\"]",
      "instances": [
        {
          "schema_version": 0,
          "attributes": {
            "create_time": "2026-02-16T19:33:35.871153Z",
            "deletion_policy": "DELETE",
            "destroy_time": "",
            "enabled": true,
            "id": "projects/263462607345/secrets/postgres-password/versions/1",
            "is_secret_data_base64": false,
            "name": "projects/263462607345/secrets/postgres-password/versions/1",
            "secret": "projects/singing-duck-boso/secrets/postgres-password",
            "secret_data": "EjZo\u003cuUDJt=WL}@pXe8\u003e6Iai",
            "timeouts": null,
            "version": "1"
          },
          "sensitive_attributes": [
            [
              {
                "type": "get_attr",
                "value": "secret_data"
              }
            ]
          ],
          "private": "eyJlMmJmYjczMC1lY2FhLTExZTYtOGY4OC0zNDM2M2JjN2M0YzAiOnsiY3JlYXRlIjoxMjAwMDAwMDAwMDAwLCJkZWxldGUiOjEyMDAwMDAwMDAwMDAsInVwZGF0ZSI6MTIwMDAwMDAwMDAwMH19",
          "dependencies": [
            "google_project_service.secretmanager",
            "google_secret_manager_secret.postgres_password",
            "random_password.postgres_password"
          ]
        }
      ]
    },
    {
      "mode": "managed",
      "type": "google_secret_manager_secret_version",
      "name": "slack_bot_token_placeholder",
      "provider": "provider[\"registry.terraform.io/hashicorp/google\"]",
      "instances": [
        {
          "schema_version": 0,
          "attributes": {
            "create_time": "2026-02-16T19:33:36.046541Z",
            "deletion_policy": "DELETE",
            "destroy_time": "",
            "enabled": true,
            "id": "projects/263462607345/secrets/slack-bot-token/versions/1",
            "is_secret_data_base64": false,
            "name": "projects/263462607345/secrets/slack-bot-token/versions/1",
            "secret": "projects/singing-duck-boso/secrets/slack-bot-token",
            "secret_data": "replace-me-with-real-slack-bot-token",
            "timeouts": null,
            "version": "1"
          },
          "sensitive_attributes": [
            [
              {
                "type": "get_attr",
                "value": "secret_data"
              }
            ]
          ],
          "private": "eyJlMmJmYjczMC1lY2FhLTExZTYtOGY4OC0zNDM2M2JjN2M0YzAiOnsiY3JlYXRlIjoxMjAwMDAwMDAwMDAwLCJkZWxldGUiOjEyMDAwMDAwMDAwMDAsInVwZGF0ZSI6MTIwMDAwMDAwMDAwMH19",
          "dependencies": [
            "google_project_service.secretmanager",
            "google_secret_manager_secret.slack_bot_token"
          ]
        }
      ]
    },
    {
      "mode": "managed",
      "type": "google_secret_manager_secret_version",
      "name": "slack_signing_secret_placeholder",
      "provider": "provider[\"registry.terraform.io/hashicorp/google\"]",
      "instances": [
        {
          "schema_version": 0,
          "attributes": {
            "create_time": "2026-02-16T19:33:36.033805Z",
            "deletion_policy": "DELETE",
            "destroy_time": "",
            "enabled": true,
            "id": "projects/263462607345/secrets/slack-signing-secret/versions/1",
            "is_secret_data_base64": false,
            "name": "projects/263462607345/secrets/slack-signing-secret/versions/1",
            "secret": "projects/singing-duck-boso/secrets/slack-signing-secret",
            "secret_data": "replace-me-with-real-slack-signing-secret",
            "timeouts": null,
            "version": "1"
          },
          "sensitive_attributes": [
            [
              {
                "type": "get_attr",
                "value": "secret_data"
              }
            ]
          ],
          "private": "eyJlMmJmYjczMC1lY2FhLTExZTYtOGY4OC0zNDM2M2JjN2M0YzAiOnsiY3JlYXRlIjoxMjAwMDAwMDAwMDAwLCJkZWxldGUiOjEyMDAwMDAwMDAwMDAsInVwZGF0ZSI6MTIwMDAwMDAwMDAwMH19",
          "dependencies": [
            "google_project_service.secretmanager",
            "google_secret_manager_secret.slack_signing_secret"
          ]
        }
      ]
    },
    {
      "mode": "managed",
      "type": "google_service_account",
      "name": "agent",
      "provider": "provider[\"registry.terraform.io/hashicorp/google\"]",
      "instances": [
        {
          "schema_version": 0,
          "attributes": {
            "account_id": "slack-rag-agent",
            "create_ignore_already_exists": null,
            "description": "",
            "disabled": false,
            "display_name": "Slack RAG Bot Agent (Cloud Run)",
            "email": "slack-rag-agent@singing-duck-boso.iam.gserviceaccount.com",
            "id": "projects/singing-duck-boso/serviceAccounts/slack-rag-agent@singing-duck-boso.iam.gserviceaccount.com",
            "member": "serviceAccount:slack-rag-agent@singing-duck-boso.iam.gserviceaccount.com",
            "name": "projects/singing-duck-boso/serviceAccounts/slack-rag-agent@singing-duck-boso.iam.gserviceaccount.com",
            "project": "singing-duck-boso",
            "timeouts": null,
            "unique_id": "101874092397744522039"
          },
          "sensitive_attributes": [],
          "private": "eyJlMmJmYjczMC1lY2FhLTExZTYtOGY4OC0zNDM2M2JjN2M0YzAiOnsiY3JlYXRlIjozMDAwMDAwMDAwMDB9fQ=="
        }
      ]
    },
    {
      "mode": "managed",
      "type": "google_service_account",
      "name": "indexer",
      "provider": "provider[\"registry.terraform.io/hashicorp/google\"]",
      "instances": [
        {
          "schema_version": 0,
          "attributes": {
            "account_id": "slack-rag-indexer",
            "create_ignore_already_exists": null,
            "description": "",
            "disabled": false,
            "display_name": "Slack RAG Bot Indexer (Cloud Run Job)",
            "email": "slack-rag-indexer@singing-duck-boso.iam.gserviceaccount.com",
            "id": "projects/singing-duck-boso/serviceAccounts/slack-rag-indexer@singing-duck-boso.iam.gserviceaccount.com",
            "member": "serviceAccount:slack-rag-indexer@singing-duck-boso.iam.gserviceaccount.com",
            "name": "projects/singing-duck-boso/serviceAccounts/slack-rag-indexer@singing-duck-boso.iam.gserviceaccount.com",
            "project": "singing-duck-boso",
            "timeouts": null,
            "unique_id": "108313717797958998885"
          },
          "sensitive_attributes": [],
          "private": "eyJlMmJmYjczMC1lY2FhLTExZTYtOGY4OC0zNDM2M2JjN2M0YzAiOnsiY3JlYXRlIjozMDAwMDAwMDAwMDB9fQ=="
        }
      ]
    },
    {
      "mode": "managed",
      "type": "google_service_networking_connection",
      "name": "private_vpc_connection",
      "provider": "provider[\"registry.terraform.io/hashicorp/google\"]",
      "instances": [
        {
          "schema_version": 0,
          "attributes": {
            "deletion_policy": null,
            "id": "projects%2Fsinging-duck-boso%2Fglobal%2Fnetworks%2Fdefault:servicenetworking.googleapis.com",
            "network": "projects/singing-duck-boso/global/networks/default",
            "peering": "servicenetworking-googleapis-com",
            "reserved_peering_ranges": [
              "slack-rag-private-ip-range"
            ],
            "service": "servicenetworking.googleapis.com",
            "timeouts": null,
            "update_on_creation_fail": null
          },
          "sensitive_attributes": [],
          "private": "eyJlMmJmYjczMC1lY2FhLTExZTYtOGY4OC0zNDM2M2JjN2M0YzAiOnsiY3JlYXRlIjo2MDAwMDAwMDAwMDAsImRlbGV0ZSI6NjAwMDAwMDAwMDAwLCJ1cGRhdGUiOjYwMDAwMDAwMDAwMH19",
          "dependencies": [
            "data.google_compute_network.default",
            "google_compute_global_address.private_ip_range",
            "google_project_service.compute"
          ]
        }
      ]
    },
    {
      "mode": "managed",
      "type": "google_sql_database",
      "name": "db",
      "provider": "provider[\"registry.terraform.io/hashicorp/google\"]",
      "instances": [
        {
          "schema_version": 0,
          "attributes": {
            "charset": "UTF8",
            "collation": "en_US.UTF8",
            "deletion_policy": "DELETE",
            "id": "projects/singing-duck-boso/instances/slack-rag-db/databases/slack_rag",
            "instance": "slack-rag-db",
            "name": "slack_rag",
            "project": "singing-duck-boso",
            "self_link": "https://sqladmin.googleapis.com/sql/v1beta4/projects/singing-duck-boso/instances/slack-rag-db/databases/slack_rag",
            "timeouts": null
          },
          "sensitive_attributes": [],
          "private": "eyJlMmJmYjczMC1lY2FhLTExZTYtOGY4OC0zNDM2M2JjN2M0YzAiOnsiY3JlYXRlIjoxMjAwMDAwMDAwMDAwLCJkZWxldGUiOjEyMDAwMDAwMDAwMDAsInVwZGF0ZSI6MTIwMDAwMDAwMDAwMH19",
          "dependencies": [
            "data.google_compute_network.default",
            "google_compute_global_address.private_ip_range",
            "google_project_service.compute",
            "google_service_networking_connection.private_vpc_connection",
            "google_sql_database_instance.main"
          ]
        }
      ]
    },
    {
      "mode": "managed",
      "type": "google_sql_database_instance",
      "name": "main",
      "provider": "provider[\"registry.terraform.io/hashicorp/google\"]",
      "instances": [
        {
          "schema_version": 0,
          "attributes": {
            "available_maintenance_versions": [],
            "clone": [],
            "connection_name": "singing-duck-boso:us-central1:slack-rag-db",
            "database_version": "POSTGRES_15",
            "deletion_protection": false,
            "dns_name": "",
            "encryption_key_name": null,
            "first_ip_address": "136.113.127.206",
            "id": "slack-rag-db",
            "instance_type": "CLOUD_SQL_INSTANCE",
            "ip_address": [
              {
                "ip_address": "136.113.127.206",
                "time_to_retire": "",
                "type": "PRIMARY"
              },
              {
                "ip_address": "34.61.227.57",
                "time_to_retire": "",
                "type": "OUTGOING"
              },
              {
                "ip_address": "10.126.0.3",
                "time_to_retire": "",
                "type": "PRIVATE"
              }
            ],
            "maintenance_version": "POSTGRES_15_15.R20260108.01_01",
            "master_instance_name": "",
            "name": "slack-rag-db",
            "private_ip_address": "10.126.0.3",
            "project": "singing-duck-boso",
            "psc_service_attachment_link": "",
            "public_ip_address": "136.113.127.206",
            "region": "us-central1",
            "replica_configuration": [],
            "restore_backup_context": [],
            "root_password": null,
            "self_link": "https://sqladmin.googleapis.com/sql/v1beta4/projects/singing-duck-boso/instances/slack-rag-db",
            "server_ca_cert": [
              {
                "cert": "-----BEGIN CERTIFICATE-----\nMIIDfzCCAmegAwIBAgIBADANBgkqhkiG9w0BAQsFADB3MS0wKwYDVQQuEyRkMDVl\nMjE0Ny00OWMyLTRkMGItOTdkMC05Njk3NTI3ZGNkZmIxIzAhBgNVBAMTGkdvb2ds\nZSBDbG91ZCBTUUwgU2VydmVyIENBMRQwEgYDVQQKEwtHb29nbGUsIEluYzELMAkG\nA1UEBhMCVVMwHhcNMjYwMjE2MTk1MTAxWhcNMzYwMjE0MTk1MjAxWjB3MS0wKwYD\nVQQuEyRkMDVlMjE0Ny00OWMyLTRkMGItOTdkMC05Njk3NTI3ZGNkZmIxIzAhBgNV\nBAMTGkdvb2dsZSBDbG91ZCBTUUwgU2VydmVyIENBMRQwEgYDVQQKEwtHb29nbGUs\nIEluYzELMAkGA1UEBhMCVVMwggEiMA0GCSqGSIb3DQEBAQUAA4IBDwAwggEKAoIB\nAQDCiVo+WvMLNGX8f+38YZqowD8o95QkdtRlL1nWNf10G0vB0YsfZWx25JEg9Bc/\nxzYCVpGUJmzGbXMuvUNt7uby44wWsMh3PpFOi+Yl/gEta7FYzU+MsgKR5fCKR4Xr\nMJKd/nucU2z2IjRPmxQgZAG1AvLWbCUAvatpHxneDoWvaDWNgdRyYpbI1budSS1A\nQqfyu+RKUE1v/lHJPF5Lcf8kSGy7VKN1+rwQb26TJ3dzTBodkEkl3Si7maRAre7g\nl3J6KbzjBnSs6057rIVBiLDn2d53oyvLlkTUrzJzXzTqpAy1Nzrb9NmJpCTsDl1J\ntoGkXKEn6MJNzArLajWpeG+JAgMBAAGjFjAUMBIGA1UdEwEB/wQIMAYBAf8CAQAw\nDQYJKoZIhvcNAQELBQADggEBAI1dp250/Ir1jrB27vzv4nQTwwbUI3mDaehD4ZG+\ngZx7VMTnKeOQwasxXt5gPfQ2L3HTw6+ZEqBoqaalSA9nyImdNSjp6QcJN9e14st6\noaq6sBI1cxyxLzR5S9ns43iEVyIE2X+lJiLYs1WUb90/xPi9/4ADY/qL/c/GsjYQ\nSpIIth7leCLJm7RH18dIqpF14yXbD/uRLvXPBQ66SpAey6zWTKZulPorMW3XRnVr\nLyHAYqy1d8Qj30p7wa4qeMbv1A2ksH/q2TIi40/mnXTdcMoAkCjyaA7mC9EUjVAz\neA5k68JBnJ1PGQrXd5roP87pWf1VEpinpWb6UNQ0GNfk9GA=\n-----END CERTIFICATE-----",
                "common_name": "C=US,O=Google\\, Inc,CN=Google Cloud SQL Server CA,dnQualifier=d05e2147-49c2-4d0b-97d0-9697527dcdfb",
                "create_time": "2026-02-16T19:51:01.187Z",
                "expiration_time": "2036-02-14T19:52:01.187Z",
                "sha1_fingerprint": "cc44d91d17ad084a0d95b447097d2b6efd4832ea"
              }
            ],
            "service_account_email_address": "p263462607345-fusaxp@gcp-sa-cloud-sql.iam.gserviceaccount.com",
            "settings": [
              {
                "activation_policy": "ALWAYS",
                "active_directory_config": [],
                "advanced_machine_features": [],
                "availability_type": "ZONAL",
                "backup_configuration": [
                  {
                    "backup_retention_settings": [
                      {
                        "retained_backups": 7,
                        "retention_unit": "COUNT"
                      }
                    ],
                    "binary_log_enabled": false,
                    "enabled": true,
                    "location": "",
                    "point_in_time_recovery_enabled": false,
                    "start_time": "03:00",
                    "transaction_log_retention_days": 7
                  }
                ],
                "collation": "",
                "connector_enforcement": "NOT_REQUIRED",
                "data_cache_config": [],
                "database_flags": [
                  {
                    "name": "cloudsql.iam_authentication",
                    "value": "on"
                  }
                ],
                "deletion_protection_enabled": false,
                "deny_maintenance_period": [],
                "disk_autoresize": true,
                "disk_autoresize_limit": 0,
                "disk_size": 10,
                "disk_type": "PD_SSD",
                "edition": "ENTERPRISE",
                "enable_dataplex_integration": false,
                "enable_google_ml_integration": false,
                "insights_config": [
                  {
                    "query_insights_enabled": true,
                    "query_plans_per_minute": 0,
                    "query_string_length": 1024,
                    "record_application_tags": false,
                    "record_client_address": false
                  }
                ],
                "ip_configuration": [
                  {
                    "allocated_ip_range": "",
                    "authorized_networks": [],
                    "enable_private_path_for_google_cloud_services": false,
                    "ipv4_enabled": true,
                    "private_network": "projects/singing-duck-boso/global/networks/default",
                    "psc_config": [],
                    "require_ssl": false,
                    "server_ca_mode": "GOOGLE_MANAGED_INTERNAL_CA",
                    "ssl_mode": ""
                  }
                ],
                "location_preference": [
                  {
                    "follow_gae_application": "",
                    "secondary_zone": "",
                    "zone": "us-central1-a"
                  }
                ],
                "maintenance_window": [],
                "password_validation_policy": [],
                "pricing_plan": "PER_USE",
                "sql_server_audit_config": [],
                "tier": "db-f1-micro",
                "time_zone": "",
                "user_labels": {},
                "version": 1
              }
            ],
            "timeouts": null
          },
          "sensitive_attributes": [
            [
              {
                "type": "get_attr",
                "value": "root_password"
              }
            ],
            [
              {
                "type": "get_attr",
                "value": "server_ca_cert"
              }
            ]
          ],
          "private": "eyJlMmJmYjczMC1lY2FhLTExZTYtOGY4OC0zNDM2M2JjN2M0YzAiOnsiY3JlYXRlIjo1NDAwMDAwMDAwMDAwLCJkZWxldGUiOjU0MDAwMDAwMDAwMDAsInVwZGF0ZSI6NTQwMDAwMDAwMDAwMH19",
          "dependencies": [
            "data.google_compute_network.default",
            "google_compute_global_address.private_ip_range",
            "google_project_service.compute",
            "google_service_networking_connection.private_vpc_connection"
          ]
        }
      ]
    },
    {
      "mode": "managed",
      "type": "google_sql_user",
      "name": "app_user",
      "provider": "provider[\"registry.terraform.io/hashicorp/google\"]",
      "instances": [
        {
          "schema_version": 1,
          "attributes": {
            "deletion_policy": null,
            "host": "",
            "id": "slack_rag_app//slack-rag-db",
            "instance": "slack-rag-db",
            "name": "slack_rag_app",
            "password": "r=hg[oG5o{@\u0026Q_Zv@bCHR\u0026O7",
            "password_policy": [],
            "project": "singing-duck-boso",
            "sql_server_user_details": [],
            "timeouts": null,
            "type": ""
          },
          "sensitive_attributes": [
            [
              {
                "type": "get_attr",
                "value": "password"
              }
            ]
          ],
          "private": "eyJlMmJmYjczMC1lY2FhLTExZTYtOGY4OC0zNDM2M2JjN2M0YzAiOnsiY3JlYXRlIjo2MDAwMDAwMDAwMDAsImRlbGV0ZSI6NjAwMDAwMDAwMDAwLCJ1cGRhdGUiOjYwMDAwMDAwMDAwMH0sInNjaGVtYV92ZXJzaW9uIjoiMSJ9",
          "dependencies": [
            "data.google_compute_network.default",
            "google_compute_global_address.private_ip_range",
            "google_project_service.compute",
            "google_service_networking_connection.private_vpc_connection",
            "google_sql_database_instance.main",
            "random_password.db_password"
          ]
        }
      ]
    },
    {
      "mode": "managed",
      "type": "google_sql_user",
      "name": "postgres",
      "provider": "provider[\"registry.terraform.io/hashicorp/google\"]",
      "instances": [
        {
          "schema_version": 1,
          "attributes": {
            "deletion_policy": null,
            "host": "",
            "id": "postgres//slack-rag-db",
            "instance": "slack-rag-db",
            "name": "postgres",
            "password": "EjZo\u003cuUDJt=WL}@pXe8\u003e6Iai",
            "password_policy": [],
            "project": "singing-duck-boso",
            "sql_server_user_details": [],
            "timeouts": null,
            "type": ""
          },
          "sensitive_attributes": [
            [
              {
                "type": "get_attr",
                "value": "password"
              }
            ]
          ],
          "private": "eyJlMmJmYjczMC1lY2FhLTExZTYtOGY4OC0zNDM2M2JjN2M0YzAiOnsiY3JlYXRlIjo2MDAwMDAwMDAwMDAsImRlbGV0ZSI6NjAwMDAwMDAwMDAwLCJ1cGRhdGUiOjYwMDAwMDAwMDAwMH0sInNjaGVtYV92ZXJzaW9uIjoiMSJ9",
          "dependencies": [
            "data.google_compute_network.default",
            "google_compute_global_address.private_ip_range",
            "google_project_service.compute",
            "google_service_networking_connection.private_vpc_connection",
            "google_sql_database_instance.main",
            "random_password.postgres_password"
          ]
        }
      ]
    },
    {
      "mode": "managed",
      "type": "google_vpc_access_connector",
      "name": "connector",
      "provider": "provider[\"registry.terraform.io/hashicorp/google\"]",
      "instances": [
        {
          "schema_version": 0,
          "attributes": {
            "connected_projects": [],
            "id": "projects/singing-duck-boso/locations/us-central1/connectors/slack-rag-connector",
            "ip_cidr_range": "10.8.0.0/28",
            "machine_type": "e2-micro",
            "max_instances": 3,
            "max_throughput": 300,
            "min_instances": 2,
            "min_throughput": 200,
            "name": "slack-rag-connector",
            "network": "default",
            "project": "singing-duck-boso",
            "region": "us-central1",
            "self_link": "projects/singing-duck-boso/locations/us-central1/connectors/slack-rag-connector",
            "state": "READY",
            "subnet": [],
            "timeouts": null
          },
          "sensitive_attributes": [],
          "private": "eyJlMmJmYjczMC1lY2FhLTExZTYtOGY4OC0zNDM2M2JjN2M0YzAiOnsiY3JlYXRlIjoxMjAwMDAwMDAwMDAwLCJkZWxldGUiOjEyMDAwMDAwMDAwMDB9fQ==",
          "dependencies": [
            "data.google_compute_network.default",
            "google_project_service.compute",
            "google_project_service.vpcaccess"
          ]
        }
      ]
    },
    {
      "mode": "managed",
      "type": "random_password",
      "name": "db_password",
      "provider": "provider[\"registry.terraform.io/hashicorp/random\"]",
      "instances": [
        {
          "schema_version": 3,
          "attributes": {
            "bcrypt_hash": "$2a$10$BDz/J1gJAqX57QLJ8MUSR.FoTaOmDOlDsUmwi/ttbjtMUeaE1z0OC",
            "id": "none",
            "keepers": null,
            "length": 24,
            "lower": true,
            "min_lower": 0,
            "min_numeric": 0,
            "min_special": 0,
            "min_upper": 0,
            "number": true,
            "numeric": true,
            "override_special": null,
            "result": "r=hg[oG5o{@\u0026Q_Zv@bCHR\u0026O7",
            "special": true,
            "upper": true
          },
          "sensitive_attributes": [
            [
              {
                "type": "get_attr",
                "value": "bcrypt_hash"
              }
            ],
            [
              {
                "type": "get_attr",
                "value": "result"
              }
            ]
          ]
        }
      ]
    },
    {
      "mode": "managed",
      "type": "random_password",
      "name": "postgres_password",
      "provider": "provider[\"registry.terraform.io/hashicorp/random\"]",
      "instances": [
        {
          "schema_version": 3,
          "attributes": {
            "bcrypt_hash": "$2a$10$wZHA6w9k0qIfnRG2atEXGuiUGzbXaP/Z2k7F6Zr.t/ShV5I2W5pRO",
            "id": "none",
            "keepers": null,
            "length": 24,
            "lower": true,
            "min_lower": 0,
            "min_numeric": 0,
            "min_special": 0,
            "min_upper": 0,
            "number": true,
            "numeric": true,
            "override_special": null,
            "result": "EjZo\u003cuUDJt=WL}@pXe8\u003e6Iai",
            "special": true,
            "upper": true
          },
          "sensitive_attributes": [
            [
              {
                "type": "get_attr",
                "value": "bcrypt_hash"
              }
            ],
            [
              {
                "type": "get_attr",
                "value": "result"
              }
            ]
          ]
        }
      ]
    }
  ],
  "check_results": null
}
